PATH
  remote: ../movie_db
  specs:
    movie_db (1.0.0)
      activesupport
      ruby-progressbar
      sixarm_ruby_unaccent
      sqlite3

GEM
  remote: http://rubygems.org/
  specs:
    activesupport (4.0.4)
      i18n (~> 0.6, >= 0.6.9)
      minitest (~> 4.2)
      multi_json (~> 1.3)
      thread_safe (~> 0.1)
      tzinfo (~> 0.3.37)
    addressable (2.3.6)
    ast (2.0.0)
    autoparse (0.3.3)
      addressable (>= 2.3.1)
      extlib (>= 0.9.15)
      multi_json (>= 1.0.0)
    autoprefixer-rails (1.1.20140523)
      execjs
    blankslate (2.1.2.4)
    buftok (0.2.0)
    coffee-script (2.2.0)
      coffee-script-source
      execjs
    coffee-script-source (1.7.0)
    colorize (0.5.8)
    csscss (1.3.3)
      colorize
      parslet (>= 1.6.1, < 2.0)
    em-websocket (0.5.1)
      eventmachine (>= 0.12.9)
      http_parser.rb (~> 0.6.0)
    equalizer (0.0.9)
    erubis (2.7.0)
    eventmachine (1.0.3)
    execjs (2.0.2)
    extlib (0.9.16)
    faraday (0.9.0)
      multipart-post (>= 1.2, < 3)
    ffi (1.9.3)
    google-api-client (0.7.1)
      addressable (>= 2.3.2)
      autoparse (>= 0.3.3)
      extlib (>= 0.9.15)
      faraday (>= 0.9.0)
      jwt (>= 0.1.5)
      launchy (>= 2.1.1)
      multi_json (>= 1.0.0)
      retriable (>= 1.4)
      signet (>= 0.5.0)
      uuidtools (>= 2.1.0)
    haml (4.0.5)
      tilt
    haml-lint (0.5.1)
      colorize (= 0.5.8)
      haml (>= 4.0)
      rubocop (>= 0.16.0)
    hike (1.2.3)
    hooks (0.4.0)
      uber (~> 0.0.4)
    http (0.6.2)
      http_parser.rb (~> 0.6.0)
    http_parser.rb (0.6.0)
    i18n (0.6.9)
    inquirer (0.2.0)
      term-ansicolor (>= 1.2.2)
    json (1.8.1)
    jwt (1.0.0)
    launchy (2.4.2)
      addressable (~> 2.3)
    libv8 (3.16.14.3)
    listen (1.3.1)
      rb-fsevent (>= 0.9.3)
      rb-inotify (>= 0.9)
      rb-kqueue (>= 0.2)
    memoizable (0.4.2)
      thread_safe (~> 0.3, >= 0.3.1)
    middleman-autoprefixer (1.1.2)
      autoprefixer-rails (~> 1.1.20140302)
      middleman-core (~> 3.2)
      middleman-sprockets (~> 3.2)
    middleman-core (3.3.2)
      activesupport (~> 4.0.1)
      bundler (~> 1.1)
      erubis
      hooks (~> 0.3)
      i18n (~> 0.6.9)
      listen (~> 1.1)
      padrino-helpers (~> 0.12.1)
      rack (>= 1.4.5, < 2.0)
      rack-test (~> 0.6.2)
      thor (>= 0.15.2, < 2.0)
      tilt (~> 1.4.1, < 2.0)
    middleman-deploy (0.2.3)
      middleman-core (>= 3.0.0)
      net-sftp
      ptools
    middleman-livereload (3.1.1)
      em-websocket (>= 0.2.0)
      middleman-core (>= 3.0.2)
      multi_json (~> 1.0)
      rack-livereload
    middleman-pagination (1.1.1)
      middleman-core (~> 3.2)
    middleman-sitemap (0.0.13)
      middleman-core (>= 3.2.2)
    middleman-sprockets (3.3.3)
      middleman-core (>= 3.2)
      sprockets (~> 2.2)
      sprockets-helpers (~> 1.1.0)
      sprockets-sass (~> 1.1.0)
    minitest (4.7.5)
    multi_json (1.10.1)
    multipart-post (2.0.0)
    naught (1.0.0)
    net-sftp (2.1.2)
      net-ssh (>= 2.6.5)
    net-ssh (2.9.1)
    oj (2.9.8)
    padrino-helpers (0.12.1)
      i18n (~> 0.6, >= 0.6.7)
      padrino-support (= 0.12.1)
      tilt (~> 1.4.1)
    padrino-support (0.12.1)
      activesupport (>= 3.1)
    parser (2.1.9)
      ast (>= 1.1, < 3.0)
      slop (~> 3.4, >= 3.4.5)
    parslet (1.6.1)
      blankslate (~> 2.0)
    powerpack (0.0.9)
    ptools (1.2.4)
    rack (1.5.2)
    rack-livereload (0.3.15)
      rack
    rack-test (0.6.2)
      rack (>= 1.0)
    rainbow (2.0.0)
    rake (10.3.2)
    rb-fsevent (0.9.4)
    rb-inotify (0.9.4)
      ffi (>= 0.5.0)
    rb-kqueue (0.2.2)
      ffi (>= 0.5.0)
    redcarpet (3.1.2)
    ref (1.0.5)
    retriable (1.4.1)
    rubocop (0.22.0)
      json (>= 1.7.7, < 2)
      parser (~> 2.1.9)
      powerpack (~> 0.0.6)
      rainbow (>= 1.99.1, < 3.0)
      ruby-progressbar (~> 1.4)
    ruby-progressbar (1.4.2)
    sass (3.3.0)
      rake
    scss-lint (0.24.1)
      rainbow (~> 2.0)
      sass (~> 3.3.0)
    signet (0.5.1)
      addressable (>= 2.2.3)
      faraday (>= 0.9.0.rc5)
      jwt (>= 0.1.5)
      multi_json (>= 1.0.0)
    simple_oauth (0.2.0)
    sixarm_ruby_unaccent (1.1.0)
    slop (3.5.0)
    sprockets (2.12.1)
      hike (~> 1.2)
      multi_json (~> 1.0)
      rack (~> 1.0)
      tilt (~> 1.1, != 1.3.0)
    sprockets-helpers (1.1.0)
      sprockets (~> 2.0)
    sprockets-sass (1.1.0)
      sprockets (~> 2.0)
      tilt (~> 1.1)
    sqlite3 (1.3.9)
    term-ansicolor (1.3.0)
      tins (~> 1.0)
    therubyracer (0.12.1)
      libv8 (~> 3.16.14.0)
      ref
    thor (0.19.1)
    thread_safe (0.3.3)
    tilt (1.4.1)
    tins (1.1.0)
    twitter (5.11.0)
      addressable (~> 2.3)
      buftok (~> 0.2.0)
      equalizer (~> 0.0.9)
      faraday (~> 0.9.0)
      http (~> 0.6.0)
      http_parser.rb (~> 0.6.0)
      json (~> 1.8)
      memoizable (~> 0.4.0)
      naught (~> 1.0)
      simple_oauth (~> 0.2.0)
    tzinfo (0.3.39)
    uber (0.0.4)
    uglifier (2.5.0)
      execjs (>= 0.3.0)
      json (>= 1.8.0)
    uuidtools (2.1.5)

PLATFORMS
  ruby

DEPENDENCIES
  activesupport
  coffee-script
  csscss
  execjs
  google-api-client
  haml
  haml-lint
  inquirer
  middleman-autoprefixer
  middleman-core (~> 3.3.2)
  middleman-deploy
  middleman-livereload (~> 3.1.0)
  middleman-pagination
  middleman-sitemap
  middleman-sprockets (>= 3.1.2)
  movie_db!
  oj
  redcarpet
  rubocop (= 0.22.0)
  sass (= 3.3.0)
  scss-lint
  therubyracer
  twitter
  uglifier
